{
  "name": "@koassets/monorepo",
  "version": "1.0.0",
  "lockfileVersion": 3,
  "requires": true,
  "packages": {
    "": {
      "name": "@koassets/monorepo",
      "version": "1.0.0",
      "workspaces": [
        "shared/auth"
      ]
    },
    "node_modules/@koassets/auth": {
      "resolved": "shared/auth",
      "link": true
    },
    "shared/auth": {
      "name": "@koassets/auth",
      "version": "1.0.0",
      "license": "ISC"
    }
  }
}
